{
    "name": "rollup-template",
    "version": "1.0.0",
    "lockfileVersion": 2,
    "requires": true,
    "packages": {
        "": {
            "version": "1.0.0",
            "license": "ISC",
            "devDependencies": {
                "rollup": "^2.60.1",
                "rollup-plugin-banner": "^0.2.1",
                "rollup-plugin-cleanup": "^3.2.1",
                "rollup-plugin-clear": "^2.0.7"
            }
        },
        "node_modules/balanced-match": {
            "version": "1.0.2",
            "resolved": "https://registry.npmjs.org/balanced-match/-/balanced-match-1.0.2.tgz",
            "integrity": "sha512-3oSeUO0TMV67hN1AmbXsK4yaqU7tjiHlbxRDZOpH0KW9+CeX4bRAaX0Anxt0tx2MrpRpWwQaPwIlISEJhYU5Pw==",
            "dev": true
        },
        "node_modules/brace-expansion": {
            "version": "1.1.11",
            "resolved": "https://registry.npmjs.org/brace-expansion/-/brace-expansion-1.1.11.tgz",
            "integrity": "sha512-iCuPHDFgrHX7H2vEI/5xpz07zSHB00TpugqhmYtVmMO6518mCuRMoOYFldEBl0g187ufozdaHgWKcYFb61qGiA==",
            "dev": true,
            "dependencies": {
                "balanced-match": "^1.0.0",
                "concat-map": "0.0.1"
            }
        },
        "node_modules/concat-map": {
            "version": "0.0.1",
            "resolved": "https://registry.npmjs.org/concat-map/-/concat-map-0.0.1.tgz",
            "integrity": "sha1-2Klr13/Wjfd5OnMDajug1UBdR3s=",
            "dev": true
        },
        "node_modules/estree-walker": {
            "version": "0.6.1",
            "resolved": "https://registry.npmjs.org/estree-walker/-/estree-walker-0.6.1.tgz",
            "integrity": "sha512-SqmZANLWS0mnatqbSfRP5g8OXZC12Fgg1IwNtLsyHDzJizORW4khDfjPqJZsemPWBB2uqykUah5YpQ6epsqC/w==",
            "dev": true
        },
        "node_modules/fs.realpath": {
            "version": "1.0.0",
            "resolved": "https://registry.npmjs.org/fs.realpath/-/fs.realpath-1.0.0.tgz",
            "integrity": "sha1-FQStJSMVjKpA20onh8sBQRmU6k8=",
            "dev": true
        },
        "node_modules/fsevents": {
            "version": "2.3.2",
            "resolved": "https://registry.npmjs.org/fsevents/-/fsevents-2.3.2.tgz",
            "integrity": "sha512-xiqMQR4xAeHTuB9uWm+fFRcIOgKBMiOBP+eXiyT7jsgVCq1bkVygt00oASowB7EdtpOHaaPgKt812P9ab+DDKA==",
            "dev": true,
            "hasInstallScript": true,
            "optional": true,
            "os": [
                "darwin"
            ],
            "engines": {
                "node": "^8.16.0 || ^10.6.0 || >=11.0.0"
            }
        },
        "node_modules/glob": {
            "version": "7.2.0",
            "resolved": "https://registry.npmjs.org/glob/-/glob-7.2.0.tgz",
            "integrity": "sha512-lmLf6gtyrPq8tTjSmrO94wBeQbFR3HbLHbuyD69wuyQkImp2hWqMGB47OX65FBkPffO641IP9jWa1z4ivqG26Q==",
            "dev": true,
            "dependencies": {
                "fs.realpath": "^1.0.0",
                "inflight": "^1.0.4",
                "inherits": "2",
                "minimatch": "^3.0.4",
                "once": "^1.3.0",
                "path-is-absolute": "^1.0.0"
            },
            "engines": {
                "node": "*"
            },
            "funding": {
                "url": "https://github.com/sponsors/isaacs"
            }
        },
        "node_modules/inflight": {
            "version": "1.0.6",
            "resolved": "https://registry.npmjs.org/inflight/-/inflight-1.0.6.tgz",
            "integrity": "sha1-Sb1jMdfQLQwJvJEKEHW6gWW1bfk=",
            "dev": true,
            "dependencies": {
                "once": "^1.3.0",
                "wrappy": "1"
            }
        },
        "node_modules/inherits": {
            "version": "2.0.4",
            "resolved": "https://registry.npmjs.org/inherits/-/inherits-2.0.4.tgz",
            "integrity": "sha512-k/vGaX4/Yla3WzyMCvTQOXYeIHvqOKtnqBduzTHpzpQZzAskKMhZ2K+EnBiSM9zGSoIFeMpXKxa4dYeZIQqewQ==",
            "dev": true
        },
        "node_modules/js-cleanup": {
            "version": "1.2.0",
            "resolved": "https://registry.npmjs.org/js-cleanup/-/js-cleanup-1.2.0.tgz",
            "integrity": "sha512-JeDD0yiiSt80fXzAVa/crrS0JDPQljyBG/RpOtaSbyDq03VHa9szJWMaWOYU/bcTn412uMN2MxApXq8v79cUiQ==",
            "dev": true,
            "dependencies": {
                "magic-string": "^0.25.7",
                "perf-regexes": "^1.0.1",
                "skip-regex": "^1.0.2"
            },
            "engines": {
                "node": "^10.14.2 || >=12.0.0"
            }
        },
        "node_modules/lodash._reinterpolate": {
            "version": "3.0.0",
            "resolved": "https://registry.npmjs.org/lodash._reinterpolate/-/lodash._reinterpolate-3.0.0.tgz",
            "integrity": "sha1-DM8tiRZq8Ds2Y8eWU4t1rG4RTZ0=",
            "dev": true
        },
        "node_modules/lodash.template": {
            "version": "4.5.0",
            "resolved": "https://registry.npmjs.org/lodash.template/-/lodash.template-4.5.0.tgz",
            "integrity": "sha512-84vYFxIkmidUiFxidA/KjjH9pAycqW+h980j7Fuz5qxRtO9pgB7MDFTdys1N7A5mcucRiDyEq4fusljItR1T/A==",
            "dev": true,
            "dependencies": {
                "lodash._reinterpolate": "^3.0.0",
                "lodash.templatesettings": "^4.0.0"
            }
        },
        "node_modules/lodash.templatesettings": {
            "version": "4.2.0",
            "resolved": "https://registry.npmjs.org/lodash.templatesettings/-/lodash.templatesettings-4.2.0.tgz",
            "integrity": "sha512-stgLz+i3Aa9mZgnjr/O+v9ruKZsPsndy7qPZOchbqk2cnTU1ZaldKK+v7m54WoKIyxiuMZTKT2H81F8BeAc3ZQ==",
            "dev": true,
            "dependencies": {
                "lodash._reinterpolate": "^3.0.0"
            }
        },
        "node_modules/magic-string": {
            "version": "0.25.7",
            "resolved": "https://registry.npmjs.org/magic-string/-/magic-string-0.25.7.tgz",
            "integrity": "sha512-4CrMT5DOHTDk4HYDlzmwu4FVCcIYI8gauveasrdCu2IKIFOJ3f0v/8MDGJCDL9oD2ppz/Av1b0Nj345H9M+XIA==",
            "dev": true,
            "dependencies": {
                "sourcemap-codec": "^1.4.4"
            }
        },
        "node_modules/minimatch": {
            "version": "3.0.4",
            "resolved": "https://registry.npmjs.org/minimatch/-/minimatch-3.0.4.tgz",
            "integrity": "sha512-yJHVQEhyqPLUTgt9B83PXu6W3rx4MvvHvSUvToogpwoGDOUQ+yDrR0HRot+yOCdCO7u4hX3pWft6kWBBcqh0UA==",
            "dev": true,
            "dependencies": {
                "brace-expansion": "^1.1.7"
            },
            "engines": {
                "node": "*"
            }
        },
        "node_modules/once": {
            "version": "1.4.0",
            "resolved": "https://registry.npmjs.org/once/-/once-1.4.0.tgz",
            "integrity": "sha1-WDsap3WWHUsROsF9nFC6753Xa9E=",
            "dev": true,
            "dependencies": {
                "wrappy": "1"
            }
        },
        "node_modules/path-is-absolute": {
            "version": "1.0.1",
            "resolved": "https://registry.npmjs.org/path-is-absolute/-/path-is-absolute-1.0.1.tgz",
            "integrity": "sha1-F0uSaHNVNP+8es5r9TpanhtcX18=",
            "dev": true,
            "engines": {
                "node": ">=0.10.0"
            }
        },
        "node_modules/perf-regexes": {
            "version": "1.0.1",
            "resolved": "https://registry.npmjs.org/perf-regexes/-/perf-regexes-1.0.1.tgz",
            "integrity": "sha512-L7MXxUDtqr4PUaLFCDCXBfGV/6KLIuSEccizDI7JxT+c9x1G1v04BQ4+4oag84SHaCdrBgQAIs/Cqn+flwFPng==",
            "dev": true,
            "engines": {
                "node": ">=6.14"
            }
        },
        "node_modules/rimraf": {
            "version": "2.7.1",
            "resolved": "https://registry.npmjs.org/rimraf/-/rimraf-2.7.1.tgz",
            "integrity": "sha512-uWjbaKIK3T1OSVptzX7Nl6PvQ3qAGtKEtVRjRuazjfL3Bx5eI409VZSqgND+4UNnmzLVdPj9FqFJNPqBZFve4w==",
            "dev": true,
            "dependencies": {
                "glob": "^7.1.3"
            },
            "bin": {
                "rimraf": "bin.js"
            }
        },
        "node_modules/rollup": {
            "version": "2.60.2",
            "resolved": "https://registry.npmjs.org/rollup/-/rollup-2.60.2.tgz",
            "integrity": "sha512-1Bgjpq61sPjgoZzuiDSGvbI1tD91giZABgjCQBKM5aYLnzjq52GoDuWVwT/cm/MCxCMPU8gqQvkj8doQ5C8Oqw==",
            "dev": true,
            "bin": {
                "rollup": "dist/bin/rollup"
            },
            "engines": {
                "node": ">=10.0.0"
            },
            "optionalDependencies": {
                "fsevents": "~2.3.2"
            }
        },
        "node_modules/rollup-plugin-banner": {
            "version": "0.2.1",
            "resolved": "https://registry.npmjs.org/rollup-plugin-banner/-/rollup-plugin-banner-0.2.1.tgz",
            "integrity": "sha512-Bs1uIPCsGpKIkNOwmBsCqn+dJ/xaojWk9PNlvd+1MEScddr1yUQlO6McAXi72wJyNWYL+9u9EI2JAZMpLRH92w==",
            "dev": true,
            "dependencies": {
                "lodash.template": "^4.4.0"
            }
        },
        "node_modules/rollup-plugin-cleanup": {
            "version": "3.2.1",
            "resolved": "https://registry.npmjs.org/rollup-plugin-cleanup/-/rollup-plugin-cleanup-3.2.1.tgz",
            "integrity": "sha512-zuv8EhoO3TpnrU8MX8W7YxSbO4gmOR0ny06Lm3nkFfq0IVKdBUtHwhVzY1OAJyNCIAdLiyPnOrU0KnO0Fri1GQ==",
            "dev": true,
            "dependencies": {
                "js-cleanup": "^1.2.0",
                "rollup-pluginutils": "^2.8.2"
            },
            "engines": {
                "node": "^10.14.2 || >=12.0.0"
            },
            "peerDependencies": {
                "rollup": ">=2.0"
            }
        },
        "node_modules/rollup-plugin-clear": {
            "version": "2.0.7",
            "resolved": "https://registry.npmjs.org/rollup-plugin-clear/-/rollup-plugin-clear-2.0.7.tgz",
            "integrity": "sha512-Hg8NC3JcJBO1ofgyQC0IACpyKn/yhHPGZ3C7R3ubNGWUXy9JXHQrewk4J4hVcZznw6SOKayLsaNae596Rwt8Vg==",
            "dev": true,
            "dependencies": {
                "rimraf": "^2.6.2"
            }
        },
        "node_modules/rollup-pluginutils": {
            "version": "2.8.2",
            "resolved": "https://registry.npmjs.org/rollup-pluginutils/-/rollup-pluginutils-2.8.2.tgz",
            "integrity": "sha512-EEp9NhnUkwY8aif6bxgovPHMoMoNr2FulJziTndpt5H9RdwC47GSGuII9XxpSdzVGM0GWrNPHV6ie1LTNJPaLQ==",
            "dev": true,
            "dependencies": {
                "estree-walker": "^0.6.1"
            }
        },
        "node_modules/skip-regex": {
            "version": "1.0.2",
            "resolved": "https://registry.npmjs.org/skip-regex/-/skip-regex-1.0.2.tgz",
            "integrity": "sha512-pEjMUbwJ5Pl/6Vn6FsamXHXItJXSRftcibixDmNCWbWhic0hzHrwkMZo0IZ7fMRH9KxcWDFSkzhccB4285PutA==",
            "dev": true,
            "engines": {
                "node": ">=4.2"
            }
        },
        "node_modules/sourcemap-codec": {
            "version": "1.4.8",
            "resolved": "https://registry.npmjs.org/sourcemap-codec/-/sourcemap-codec-1.4.8.tgz",
            "integrity": "sha512-9NykojV5Uih4lgo5So5dtw+f0JgJX30KCNI8gwhz2J9A15wD0Ml6tjHKwf6fTSa6fAdVBdZeNOs9eJ71qCk8vA==",
            "dev": true
        },
        "node_modules/wrappy": {
            "version": "1.0.2",
            "resolved": "https://registry.npmjs.org/wrappy/-/wrappy-1.0.2.tgz",
            "integrity": "sha1-tSQ9jz7BqjXxNkYFvA0QNuMKtp8=",
            "dev": true
        }
    },
    "dependencies": {
        "balanced-match": {
            "version": "1.0.2",
            "resolved": "https://registry.npmjs.org/balanced-match/-/balanced-match-1.0.2.tgz",
            "integrity": "sha512-3oSeUO0TMV67hN1AmbXsK4yaqU7tjiHlbxRDZOpH0KW9+CeX4bRAaX0Anxt0tx2MrpRpWwQaPwIlISEJhYU5Pw==",
            "dev": true
        },
        "brace-expansion": {
            "version": "1.1.11",
            "resolved": "https://registry.npmjs.org/brace-expansion/-/brace-expansion-1.1.11.tgz",
            "integrity": "sha512-iCuPHDFgrHX7H2vEI/5xpz07zSHB00TpugqhmYtVmMO6518mCuRMoOYFldEBl0g187ufozdaHgWKcYFb61qGiA==",
            "dev": true,
            "requires": {
                "balanced-match": "^1.0.0",
                "concat-map": "0.0.1"
            }
        },
        "concat-map": {
            "version": "0.0.1",
            "resolved": "https://registry.npmjs.org/concat-map/-/concat-map-0.0.1.tgz",
            "integrity": "sha1-2Klr13/Wjfd5OnMDajug1UBdR3s=",
            "dev": true
        },
        "estree-walker": {
            "version": "0.6.1",
            "resolved": "https://registry.npmjs.org/estree-walker/-/estree-walker-0.6.1.tgz",
            "integrity": "sha512-SqmZANLWS0mnatqbSfRP5g8OXZC12Fgg1IwNtLsyHDzJizORW4khDfjPqJZsemPWBB2uqykUah5YpQ6epsqC/w==",
            "dev": true
        },
        "fs.realpath": {
            "version": "1.0.0",
            "resolved": "https://registry.npmjs.org/fs.realpath/-/fs.realpath-1.0.0.tgz",
            "integrity": "sha1-FQStJSMVjKpA20onh8sBQRmU6k8=",
            "dev": true
        },
        "fsevents": {
            "version": "2.3.2",
            "resolved": "https://registry.npmjs.org/fsevents/-/fsevents-2.3.2.tgz",
            "integrity": "sha512-xiqMQR4xAeHTuB9uWm+fFRcIOgKBMiOBP+eXiyT7jsgVCq1bkVygt00oASowB7EdtpOHaaPgKt812P9ab+DDKA==",
            "dev": true,
            "optional": true
        },
        "glob": {
            "version": "7.2.0",
            "resolved": "https://registry.npmjs.org/glob/-/glob-7.2.0.tgz",
            "integrity": "sha512-lmLf6gtyrPq8tTjSmrO94wBeQbFR3HbLHbuyD69wuyQkImp2hWqMGB47OX65FBkPffO641IP9jWa1z4ivqG26Q==",
            "dev": true,
            "requires": {
                "fs.realpath": "^1.0.0",
                "inflight": "^1.0.4",
                "inherits": "2",
                "minimatch": "^3.0.4",
                "once": "^1.3.0",
                "path-is-absolute": "^1.0.0"
            }
        },
        "inflight": {
            "version": "1.0.6",
            "resolved": "https://registry.npmjs.org/inflight/-/inflight-1.0.6.tgz",
            "integrity": "sha1-Sb1jMdfQLQwJvJEKEHW6gWW1bfk=",
            "dev": true,
            "requires": {
                "once": "^1.3.0",
                "wrappy": "1"
            }
        },
        "inherits": {
            "version": "2.0.4",
            "resolved": "https://registry.npmjs.org/inherits/-/inherits-2.0.4.tgz",
            "integrity": "sha512-k/vGaX4/Yla3WzyMCvTQOXYeIHvqOKtnqBduzTHpzpQZzAskKMhZ2K+EnBiSM9zGSoIFeMpXKxa4dYeZIQqewQ==",
            "dev": true
        },
        "js-cleanup": {
            "version": "1.2.0",
            "resolved": "https://registry.npmjs.org/js-cleanup/-/js-cleanup-1.2.0.tgz",
            "integrity": "sha512-JeDD0yiiSt80fXzAVa/crrS0JDPQljyBG/RpOtaSbyDq03VHa9szJWMaWOYU/bcTn412uMN2MxApXq8v79cUiQ==",
            "dev": true,
            "requires": {
                "magic-string": "^0.25.7",
                "perf-regexes": "^1.0.1",
                "skip-regex": "^1.0.2"
            }
        },
        "lodash._reinterpolate": {
            "version": "3.0.0",
            "resolved": "https://registry.npmjs.org/lodash._reinterpolate/-/lodash._reinterpolate-3.0.0.tgz",
            "integrity": "sha1-DM8tiRZq8Ds2Y8eWU4t1rG4RTZ0=",
            "dev": true
        },
        "lodash.template": {
            "version": "4.5.0",
            "resolved": "https://registry.npmjs.org/lodash.template/-/lodash.template-4.5.0.tgz",
            "integrity": "sha512-84vYFxIkmidUiFxidA/KjjH9pAycqW+h980j7Fuz5qxRtO9pgB7MDFTdys1N7A5mcucRiDyEq4fusljItR1T/A==",
            "dev": true,
            "requires": {
                "lodash._reinterpolate": "^3.0.0",
                "lodash.templatesettings": "^4.0.0"
            }
        },
        "lodash.templatesettings": {
            "version": "4.2.0",
            "resolved": "https://registry.npmjs.org/lodash.templatesettings/-/lodash.templatesettings-4.2.0.tgz",
            "integrity": "sha512-stgLz+i3Aa9mZgnjr/O+v9ruKZsPsndy7qPZOchbqk2cnTU1ZaldKK+v7m54WoKIyxiuMZTKT2H81F8BeAc3ZQ==",
            "dev": true,
            "requires": {
                "lodash._reinterpolate": "^3.0.0"
            }
        },
        "magic-string": {
            "version": "0.25.7",
            "resolved": "https://registry.npmjs.org/magic-string/-/magic-string-0.25.7.tgz",
            "integrity": "sha512-4CrMT5DOHTDk4HYDlzmwu4FVCcIYI8gauveasrdCu2IKIFOJ3f0v/8MDGJCDL9oD2ppz/Av1b0Nj345H9M+XIA==",
            "dev": true,
            "requires": {
                "sourcemap-codec": "^1.4.4"
            }
        },
        "minimatch": {
            "version": "3.0.4",
            "resolved": "https://registry.npmjs.org/minimatch/-/minimatch-3.0.4.tgz",
            "integrity": "sha512-yJHVQEhyqPLUTgt9B83PXu6W3rx4MvvHvSUvToogpwoGDOUQ+yDrR0HRot+yOCdCO7u4hX3pWft6kWBBcqh0UA==",
            "dev": true,
            "requires": {
                "brace-expansion": "^1.1.7"
            }
        },
        "once": {
            "version": "1.4.0",
            "resolved": "https://registry.npmjs.org/once/-/once-1.4.0.tgz",
            "integrity": "sha1-WDsap3WWHUsROsF9nFC6753Xa9E=",
            "dev": true,
            "requires": {
                "wrappy": "1"
            }
        },
        "path-is-absolute": {
            "version": "1.0.1",
            "resolved": "https://registry.npmjs.org/path-is-absolute/-/path-is-absolute-1.0.1.tgz",
            "integrity": "sha1-F0uSaHNVNP+8es5r9TpanhtcX18=",
            "dev": true
        },
        "perf-regexes": {
            "version": "1.0.1",
            "resolved": "https://registry.npmjs.org/perf-regexes/-/perf-regexes-1.0.1.tgz",
            "integrity": "sha512-L7MXxUDtqr4PUaLFCDCXBfGV/6KLIuSEccizDI7JxT+c9x1G1v04BQ4+4oag84SHaCdrBgQAIs/Cqn+flwFPng==",
            "dev": true
        },
        "rimraf": {
            "version": "2.7.1",
            "resolved": "https://registry.npmjs.org/rimraf/-/rimraf-2.7.1.tgz",
            "integrity": "sha512-uWjbaKIK3T1OSVptzX7Nl6PvQ3qAGtKEtVRjRuazjfL3Bx5eI409VZSqgND+4UNnmzLVdPj9FqFJNPqBZFve4w==",
            "dev": true,
            "requires": {
                "glob": "^7.1.3"
            }
        },
        "rollup": {
            "version": "2.60.2",
            "resolved": "https://registry.npmjs.org/rollup/-/rollup-2.60.2.tgz",
            "integrity": "sha512-1Bgjpq61sPjgoZzuiDSGvbI1tD91giZABgjCQBKM5aYLnzjq52GoDuWVwT/cm/MCxCMPU8gqQvkj8doQ5C8Oqw==",
            "dev": true,
            "requires": {
                "fsevents": "~2.3.2"
            }
        },
        "rollup-plugin-banner": {
            "version": "0.2.1",
            "resolved": "https://registry.npmjs.org/rollup-plugin-banner/-/rollup-plugin-banner-0.2.1.tgz",
            "integrity": "sha512-Bs1uIPCsGpKIkNOwmBsCqn+dJ/xaojWk9PNlvd+1MEScddr1yUQlO6McAXi72wJyNWYL+9u9EI2JAZMpLRH92w==",
            "dev": true,
            "requires": {
                "lodash.template": "^4.4.0"
            }
        },
        "rollup-plugin-cleanup": {
            "version": "3.2.1",
            "resolved": "https://registry.npmjs.org/rollup-plugin-cleanup/-/rollup-plugin-cleanup-3.2.1.tgz",
            "integrity": "sha512-zuv8EhoO3TpnrU8MX8W7YxSbO4gmOR0ny06Lm3nkFfq0IVKdBUtHwhVzY1OAJyNCIAdLiyPnOrU0KnO0Fri1GQ==",
            "dev": true,
            "requires": {
                "js-cleanup": "^1.2.0",
                "rollup-pluginutils": "^2.8.2"
            }
        },
        "rollup-plugin-clear": {
            "version": "2.0.7",
            "resolved": "https://registry.npmjs.org/rollup-plugin-clear/-/rollup-plugin-clear-2.0.7.tgz",
            "integrity": "sha512-Hg8NC3JcJBO1ofgyQC0IACpyKn/yhHPGZ3C7R3ubNGWUXy9JXHQrewk4J4hVcZznw6SOKayLsaNae596Rwt8Vg==",
            "dev": true,
            "requires": {
                "rimraf": "^2.6.2"
            }
        },
        "rollup-pluginutils": {
            "version": "2.8.2",
            "resolved": "https://registry.npmjs.org/rollup-pluginutils/-/rollup-pluginutils-2.8.2.tgz",
            "integrity": "sha512-EEp9NhnUkwY8aif6bxgovPHMoMoNr2FulJziTndpt5H9RdwC47GSGuII9XxpSdzVGM0GWrNPHV6ie1LTNJPaLQ==",
            "dev": true,
            "requires": {
                "estree-walker": "^0.6.1"
            }
        },
        "skip-regex": {
            "version": "1.0.2",
            "resolved": "https://registry.npmjs.org/skip-regex/-/skip-regex-1.0.2.tgz",
            "integrity": "sha512-pEjMUbwJ5Pl/6Vn6FsamXHXItJXSRftcibixDmNCWbWhic0hzHrwkMZo0IZ7fMRH9KxcWDFSkzhccB4285PutA==",
            "dev": true
        },
        "sourcemap-codec": {
            "version": "1.4.8",
            "resolved": "https://registry.npmjs.org/sourcemap-codec/-/sourcemap-codec-1.4.8.tgz",
            "integrity": "sha512-9NykojV5Uih4lgo5So5dtw+f0JgJX30KCNI8gwhz2J9A15wD0Ml6tjHKwf6fTSa6fAdVBdZeNOs9eJ71qCk8vA==",
            "dev": true
        },
        "wrappy": {
            "version": "1.0.2",
            "resolved": "https://registry.npmjs.org/wrappy/-/wrappy-1.0.2.tgz",
            "integrity": "sha1-tSQ9jz7BqjXxNkYFvA0QNuMKtp8=",
            "dev": true
        }
    }
}
